{
  "name": "assets",
  "lockfileVersion": 3,
  "requires": true,
  "packages": {
    "": {
      "dependencies": {
        "apexcharts": "^5.10.4"
      }
    },
    "node_modules/apexcharts": {
      "version": "5.10.4",
      "resolved": "https://registry.npmjs.org/apexcharts/-/apexcharts-5.10.4.tgz",
      "integrity": "sha512-gt0VUqZ2+mr25ScbUcKZgJr96jKYm4vjOcxEWCEh/E5F4dWqhyo3dBhPRvNNnkKiWxkMd2cBwj3ZYH3rK39fkA==",
      "license": "SEE LICENSE IN LICENSE"
    }
  }
}
